
Microsoft Visual Studio Solution File, Format Version 12.00
# Visual Studio 15
VisualStudioVersion = 15.0.26124.0
MinimumVisualStudioVersion = 15.0.26124.0
Project("{FAE04EC0-301F-11D3-BF4B-00C04F79EFBC}") = "Desk", "Desk\Desk.csproj", "{CCCBC24B-A8FA-484A-BED1-3EF58558887B}"
EndProject
Project("{FAE04EC0-301F-11D3-BF4B-00C04F79EFBC}") = "Desk.Tests", "Desk.Tests\Desk.Tests.csproj", "{40AC812C-2622-4083-9E56-2BBF22C75D08}"
EndProject
Global
	GlobalSection(SolutionConfigurationPlatforms) = preSolution
		Debug|Any CPU = Debug|Any CPU
		Debug|x64 = Debug|x64
		Debug|x86 = Debug|x86
		Release|Any CPU = Release|Any CPU
		Release|x64 = Release|x64
		Release|x86 = Release|x86
	EndGlobalSection
	GlobalSection(SolutionProperties) = preSolution
		HideSolutionNode = FALSE
	EndGlobalSection
	GlobalSection(ProjectConfigurationPlatforms) = postSolution
		{CCCBC24B-A8FA-484A-BED1-3EF58558887B}.Debug|Any CPU.ActiveCfg = Debug|Any CPU
		{CCCBC24B-A8FA-484A-BED1-3EF58558887B}.Debug|Any CPU.Build.0 = Debug|Any CPU
		{CCCBC24B-A8FA-484A-BED1-3EF58558887B}.Debug|x64.ActiveCfg = Debug|Any CPU
		{CCCBC24B-A8FA-484A-BED1-3EF58558887B}.Debug|x64.Build.0 = Debug|Any CPU
		{CCCBC24B-A8FA-484A-BED1-3EF58558887B}.Debug|x86.ActiveCfg = Debug|Any CPU
		{CCCBC24B-A8FA-484A-BED1-3EF58558887B}.Debug|x86.Build.0 = Debug|Any CPU
		{CCCBC24B-A8FA-484A-BED1-3EF58558887B}.Release|Any CPU.ActiveCfg = Release|Any CPU
		{CCCBC24B-A8FA-484A-BED1-3EF58558887B}.Release|Any CPU.Build.0 = Release|Any CPU
		{CCCBC24B-A8FA-484A-BED1-3EF58558887B}.Release|x64.ActiveCfg = Release|Any CPU
		{CCCBC24B-A8FA-484A-BED1-3EF58558887B}.Release|x64.Build.0 = Release|Any CPU
		{CCCBC24B-A8FA-484A-BED1-3EF58558887B}.Release|x86.ActiveCfg = Release|Any CPU
		{CCCBC24B-A8FA-484A-BED1-3EF58558887B}.Release|x86.Build.0 = Release|Any CPU
		{40AC812C-2622-4083-9E56-2BBF22C75D08}.Debug|Any CPU.ActiveCfg = Debug|Any CPU
		{40AC812C-2622-4083-9E56-2BBF22C75D08}.Debug|Any CPU.Build.0 = Debug|Any CPU
		{40AC812C-2622-4083-9E56-2BBF22C75D08}.Debug|x64.ActiveCfg = Debug|Any CPU
		{40AC812C-2622-4083-9E56-2BBF22C75D08}.Debug|x64.Build.0 = Debug|Any CPU
		{40AC812C-2622-4083-9E56-2BBF22C75D08}.Debug|x86.ActiveCfg = Debug|Any CPU
		{40AC812C-2622-4083-9E56-2BBF22C75D08}.Debug|x86.Build.0 = Debug|Any CPU
		{40AC812C-2622-4083-9E56-2BBF22C75D08}.Release|Any CPU.ActiveCfg = Release|Any CPU
		{40AC812C-2622-4083-9E56-2BBF22C75D08}.Release|Any CPU.Build.0 = Release|Any CPU
		{40AC812C-2622-4083-9E56-2BBF22C75D08}.Release|x64.ActiveCfg = Release|Any CPU
		{40AC812C-2622-4083-9E56-2BBF22C75D08}.Release|x64.Build.0 = Release|Any CPU
		{40AC812C-2622-4083-9E56-2BBF22C75D08}.Release|x86.ActiveCfg = Release|Any CPU
		{40AC812C-2622-4083-9E56-2BBF22C75D08}.Release|x86.Build.0 = Release|Any CPU
	EndGlobalSection
EndGlobal
